
Microsoft Visual Studio Solution File, Format Version 12.00
# Visual Studio 2013
VisualStudioVersion = 12.0.31101.0
MinimumVisualStudioVersion = 10.0.40219.1
Project("{FAE04EC0-301F-11D3-BF4B-00C04F79EFBC}") = "ECM_Shell_AutoArch", "ECM_Shell_AutoArch\ECM_Shell_AutoArch.csproj", "{92320657-3392-4271-B68F-BD6B10C2F150}"
EndProject
Project("{FAE04EC0-301F-11D3-BF4B-00C04F79EFBC}") = "MPSfwk", "MPSfwk\MPSfwk.csproj", "{3F16602C-4C0D-43CA-BD98-6B6E88262FCD}"
EndProject
Project("{FAE04EC0-301F-11D3-BF4B-00C04F79EFBC}") = "Shell_AutoArch_cmd", "Shell_AutoArch_cmd\Shell_AutoArch_cmd.csproj", "{E17298EA-1C1C-4397-B171-DE60B2C47E9E}"
EndProject
Global
	GlobalSection(SolutionConfigurationPlatforms) = preSolution
		Debug|Any CPU = Debug|Any CPU
		Release|Any CPU = Release|Any CPU
	EndGlobalSection
	GlobalSection(ProjectConfigurationPlatforms) = postSolution
		{92320657-3392-4271-B68F-BD6B10C2F150}.Debug|Any CPU.ActiveCfg = Debug|Any CPU
		{92320657-3392-4271-B68F-BD6B10C2F150}.Debug|Any CPU.Build.0 = Debug|Any CPU
		{92320657-3392-4271-B68F-BD6B10C2F150}.Release|Any CPU.ActiveCfg = Release|Any CPU
		{92320657-3392-4271-B68F-BD6B10C2F150}.Release|Any CPU.Build.0 = Release|Any CPU
		{3F16602C-4C0D-43CA-BD98-6B6E88262FCD}.Debug|Any CPU.ActiveCfg = Debug|Any CPU
		{3F16602C-4C0D-43CA-BD98-6B6E88262FCD}.Debug|Any CPU.Build.0 = Debug|Any CPU
		{3F16602C-4C0D-43CA-BD98-6B6E88262FCD}.Release|Any CPU.ActiveCfg = Release|Any CPU
		{3F16602C-4C0D-43CA-BD98-6B6E88262FCD}.Release|Any CPU.Build.0 = Release|Any CPU
		{E17298EA-1C1C-4397-B171-DE60B2C47E9E}.Debug|Any CPU.ActiveCfg = Debug|Any CPU
		{E17298EA-1C1C-4397-B171-DE60B2C47E9E}.Debug|Any CPU.Build.0 = Debug|Any CPU
		{E17298EA-1C1C-4397-B171-DE60B2C47E9E}.Release|Any CPU.ActiveCfg = Release|Any CPU
		{E17298EA-1C1C-4397-B171-DE60B2C47E9E}.Release|Any CPU.Build.0 = Release|Any CPU
	EndGlobalSection
	GlobalSection(SolutionProperties) = preSolution
		HideSolutionNode = FALSE
	EndGlobalSection
EndGlobal
